
Microsoft Visual Studio Solution File, Format Version 12.00
# Visual Studio Version 17
VisualStudioVersion = 17.4.33205.214
MinimumVisualStudioVersion = 10.0.40219.1
Project("{FAE04EC0-301F-11D3-BF4B-00C04F79EFBC}") = "jalgpallmäng", "jalgpallmäng.csproj", "{78B7472F-75AC-4DA7-845A-A29004BEE89B}"
EndProject
Global
	GlobalSection(SolutionConfigurationPlatforms) = preSolution
		Debug|Any CPU = Debug|Any CPU
		Release|Any CPU = Release|Any CPU
	EndGlobalSection
	GlobalSection(ProjectConfigurationPlatforms) = postSolution
		{78B7472F-75AC-4DA7-845A-A29004BEE89B}.Debug|Any CPU.ActiveCfg = Debug|Any CPU
		{78B7472F-75AC-4DA7-845A-A29004BEE89B}.Debug|Any CPU.Build.0 = Debug|Any CPU
		{78B7472F-75AC-4DA7-845A-A29004BEE89B}.Release|Any CPU.ActiveCfg = Release|Any CPU
		{78B7472F-75AC-4DA7-845A-A29004BEE89B}.Release|Any CPU.Build.0 = Release|Any CPU
	EndGlobalSection
	GlobalSection(SolutionProperties) = preSolution
		HideSolutionNode = FALSE
	EndGlobalSection
	GlobalSection(ExtensibilityGlobals) = postSolution
		SolutionGuid = {C8E7AC7C-D783-4747-8662-2E4F0376AC90}
	EndGlobalSection
EndGlobal
